
Microsoft Visual Studio Solution File, Format Version 11.00
# Visual Studio 2010
# SharpDevelop 5.1
Project("{FAE04EC0-301F-11D3-BF4B-00C04F79EFBC}") = "Lab 605 Travis Weber", "Lab 605 Travis Weber\Lab 605 Travis Weber.csproj", "{DCE34A38-F44E-4D65-87AD-2B9C2339385B}"
EndProject
Global
	GlobalSection(SolutionConfigurationPlatforms) = preSolution
		Debug|Any CPU = Debug|Any CPU
		Release|Any CPU = Release|Any CPU
	EndGlobalSection
	GlobalSection(ProjectConfigurationPlatforms) = postSolution
		{DCE34A38-F44E-4D65-87AD-2B9C2339385B}.Debug|Any CPU.ActiveCfg = Debug|Any CPU
		{DCE34A38-F44E-4D65-87AD-2B9C2339385B}.Debug|Any CPU.Build.0 = Debug|Any CPU
		{DCE34A38-F44E-4D65-87AD-2B9C2339385B}.Release|Any CPU.ActiveCfg = Release|Any CPU
		{DCE34A38-F44E-4D65-87AD-2B9C2339385B}.Release|Any CPU.Build.0 = Release|Any CPU
	EndGlobalSection
EndGlobal
