
Microsoft Visual Studio Solution File, Format Version 11.00
# Visual Studio 2010
# SharpDevelop 5.1
Project("{FAE04EC0-301F-11D3-BF4B-00C04F79EFBC}") = "lab 602.0 Travis Weber", "lab 602.0 Travis Weber\lab 602.0 Travis Weber.csproj", "{2A61AB90-B522-4185-BD8B-C4C4B0174BF3}"
EndProject
Global
	GlobalSection(SolutionConfigurationPlatforms) = preSolution
		Debug|Any CPU = Debug|Any CPU
		Release|Any CPU = Release|Any CPU
	EndGlobalSection
	GlobalSection(ProjectConfigurationPlatforms) = postSolution
		{2A61AB90-B522-4185-BD8B-C4C4B0174BF3}.Debug|Any CPU.ActiveCfg = Debug|Any CPU
		{2A61AB90-B522-4185-BD8B-C4C4B0174BF3}.Debug|Any CPU.Build.0 = Debug|Any CPU
		{2A61AB90-B522-4185-BD8B-C4C4B0174BF3}.Release|Any CPU.ActiveCfg = Release|Any CPU
		{2A61AB90-B522-4185-BD8B-C4C4B0174BF3}.Release|Any CPU.Build.0 = Release|Any CPU
	EndGlobalSection
EndGlobal
