
Microsoft Visual Studio Solution File, Format Version 11.00
# Visual Studio 2010
# SharpDevelop 5.1
Project("{FAE04EC0-301F-11D3-BF4B-00C04F79EFBC}") = "Lab 604 Travis Weber", "Lab 604 Travis Weber\Lab 604 Travis Weber.csproj", "{13D42614-7EF0-4BF0-9F95-B1560682195B}"
EndProject
Global
	GlobalSection(SolutionConfigurationPlatforms) = preSolution
		Debug|Any CPU = Debug|Any CPU
		Release|Any CPU = Release|Any CPU
	EndGlobalSection
	GlobalSection(ProjectConfigurationPlatforms) = postSolution
		{13D42614-7EF0-4BF0-9F95-B1560682195B}.Debug|Any CPU.ActiveCfg = Debug|Any CPU
		{13D42614-7EF0-4BF0-9F95-B1560682195B}.Debug|Any CPU.Build.0 = Debug|Any CPU
		{13D42614-7EF0-4BF0-9F95-B1560682195B}.Release|Any CPU.ActiveCfg = Release|Any CPU
		{13D42614-7EF0-4BF0-9F95-B1560682195B}.Release|Any CPU.Build.0 = Release|Any CPU
	EndGlobalSection
EndGlobal
