
Microsoft Visual Studio Solution File, Format Version 11.00
# Visual Studio 2010
# SharpDevelop 5.1
Project("{FAE04EC0-301F-11D3-BF4B-00C04F79EFBC}") = "lab 601 Travis Weber", "lab 601 Travis Weber\lab 601 Travis Weber.csproj", "{46B7328B-CC7B-47CC-AC99-C548BE903931}"
EndProject
Global
	GlobalSection(SolutionConfigurationPlatforms) = preSolution
		Debug|Any CPU = Debug|Any CPU
		Release|Any CPU = Release|Any CPU
	EndGlobalSection
	GlobalSection(ProjectConfigurationPlatforms) = postSolution
		{46B7328B-CC7B-47CC-AC99-C548BE903931}.Debug|Any CPU.ActiveCfg = Debug|Any CPU
		{46B7328B-CC7B-47CC-AC99-C548BE903931}.Debug|Any CPU.Build.0 = Debug|Any CPU
		{46B7328B-CC7B-47CC-AC99-C548BE903931}.Release|Any CPU.ActiveCfg = Release|Any CPU
		{46B7328B-CC7B-47CC-AC99-C548BE903931}.Release|Any CPU.Build.0 = Release|Any CPU
	EndGlobalSection
EndGlobal
