
Microsoft Visual Studio Solution File, Format Version 11.00
# Visual Studio 2010
# SharpDevelop 5.1
Project("{FAE04EC0-301F-11D3-BF4B-00C04F79EFBC}") = "Lab 409 Weber Travis", "Lab 409 Weber Travis\Lab 409 Weber Travis.csproj", "{80353906-6A5A-4671-9AFC-112965411C8E}"
EndProject
Global
	GlobalSection(SolutionConfigurationPlatforms) = preSolution
		Debug|Any CPU = Debug|Any CPU
		Release|Any CPU = Release|Any CPU
	EndGlobalSection
	GlobalSection(ProjectConfigurationPlatforms) = postSolution
		{80353906-6A5A-4671-9AFC-112965411C8E}.Debug|Any CPU.ActiveCfg = Debug|Any CPU
		{80353906-6A5A-4671-9AFC-112965411C8E}.Debug|Any CPU.Build.0 = Debug|Any CPU
		{80353906-6A5A-4671-9AFC-112965411C8E}.Release|Any CPU.ActiveCfg = Release|Any CPU
		{80353906-6A5A-4671-9AFC-112965411C8E}.Release|Any CPU.Build.0 = Release|Any CPU
	EndGlobalSection
EndGlobal
