
Microsoft Visual Studio Solution File, Format Version 11.00
# Visual Studio 2010
# SharpDevelop 5.1
Project("{FAE04EC0-301F-11D3-BF4B-00C04F79EFBC}") = "Weber,Travis lab406", "Weber,Travis lab406\Weber,Travis lab406.csproj", "{9DCC1B82-96E9-473C-9789-448C683D03BF}"
EndProject
Global
	GlobalSection(SolutionConfigurationPlatforms) = preSolution
		Debug|Any CPU = Debug|Any CPU
		Release|Any CPU = Release|Any CPU
	EndGlobalSection
	GlobalSection(ProjectConfigurationPlatforms) = postSolution
		{9DCC1B82-96E9-473C-9789-448C683D03BF}.Debug|Any CPU.ActiveCfg = Debug|Any CPU
		{9DCC1B82-96E9-473C-9789-448C683D03BF}.Debug|Any CPU.Build.0 = Debug|Any CPU
		{9DCC1B82-96E9-473C-9789-448C683D03BF}.Release|Any CPU.ActiveCfg = Release|Any CPU
		{9DCC1B82-96E9-473C-9789-448C683D03BF}.Release|Any CPU.Build.0 = Release|Any CPU
	EndGlobalSection
EndGlobal
