
Microsoft Visual Studio Solution File, Format Version 11.00
# Visual Studio 2010
# SharpDevelop 5.1
Project("{FAE04EC0-301F-11D3-BF4B-00C04F79EFBC}") = "Lab 609 Travis Weber", "Lab 609 Travis Weber.csproj", "{6AF99684-ED88-4E02-AEFB-76E446EFCA72}"
EndProject
Global
	GlobalSection(SolutionConfigurationPlatforms) = preSolution
		Debug|Any CPU = Debug|Any CPU
		Release|Any CPU = Release|Any CPU
	EndGlobalSection
	GlobalSection(ProjectConfigurationPlatforms) = postSolution
		{6AF99684-ED88-4E02-AEFB-76E446EFCA72}.Debug|Any CPU.ActiveCfg = Debug|Any CPU
		{6AF99684-ED88-4E02-AEFB-76E446EFCA72}.Debug|Any CPU.Build.0 = Debug|Any CPU
		{6AF99684-ED88-4E02-AEFB-76E446EFCA72}.Release|Any CPU.ActiveCfg = Release|Any CPU
		{6AF99684-ED88-4E02-AEFB-76E446EFCA72}.Release|Any CPU.Build.0 = Release|Any CPU
	EndGlobalSection
EndGlobal
