
Microsoft Visual Studio Solution File, Format Version 11.00
# Visual Studio 2010
# SharpDevelop 5.1
Project("{FAE04EC0-301F-11D3-BF4B-00C04F79EFBC}") = "Worksheet 6.3 13", "Worksheet 6.3 13\Worksheet 6.3 13.csproj", "{B22FC6FF-BFB7-4A0F-AD48-0BF73F859B07}"
EndProject
Global
	GlobalSection(SolutionConfigurationPlatforms) = preSolution
		Debug|Any CPU = Debug|Any CPU
		Release|Any CPU = Release|Any CPU
	EndGlobalSection
	GlobalSection(ProjectConfigurationPlatforms) = postSolution
		{B22FC6FF-BFB7-4A0F-AD48-0BF73F859B07}.Debug|Any CPU.ActiveCfg = Debug|Any CPU
		{B22FC6FF-BFB7-4A0F-AD48-0BF73F859B07}.Debug|Any CPU.Build.0 = Debug|Any CPU
		{B22FC6FF-BFB7-4A0F-AD48-0BF73F859B07}.Release|Any CPU.ActiveCfg = Release|Any CPU
		{B22FC6FF-BFB7-4A0F-AD48-0BF73F859B07}.Release|Any CPU.Build.0 = Release|Any CPU
	EndGlobalSection
EndGlobal
