
Microsoft Visual Studio Solution File, Format Version 11.00
# Visual Studio 2010
# SharpDevelop 5.1
Project("{FAE04EC0-301F-11D3-BF4B-00C04F79EFBC}") = "Worksheet 6.4 for loops 4", "Worksheet 6.4 for loops 4\Worksheet 6.4 for loops 4.csproj", "{4A9E895E-617E-4B3F-978C-D82210F0B953}"
EndProject
Global
	GlobalSection(SolutionConfigurationPlatforms) = preSolution
		Debug|Any CPU = Debug|Any CPU
		Release|Any CPU = Release|Any CPU
	EndGlobalSection
	GlobalSection(ProjectConfigurationPlatforms) = postSolution
		{4A9E895E-617E-4B3F-978C-D82210F0B953}.Debug|Any CPU.ActiveCfg = Debug|Any CPU
		{4A9E895E-617E-4B3F-978C-D82210F0B953}.Debug|Any CPU.Build.0 = Debug|Any CPU
		{4A9E895E-617E-4B3F-978C-D82210F0B953}.Release|Any CPU.ActiveCfg = Release|Any CPU
		{4A9E895E-617E-4B3F-978C-D82210F0B953}.Release|Any CPU.Build.0 = Release|Any CPU
	EndGlobalSection
EndGlobal
